<Solution>
  <Folder Name="/01/">
    <Project Path="../IsNumerOddOrNot/IsNumerOddOrNot.csproj" Id="6fad65e5-da7f-4a5a-88aa-bd7c82785bec" />
  </Folder>
  <Folder Name="/02/">
    <Project Path="TheGreathesNumber/TheGreathesNumber.csproj" Id="80687865-54b3-4384-bb48-056140dcf96b" />
  </Folder>
  <Folder Name="/03/">
    <Project Path="OrderTheNumber/OrderTheNumber.csproj" Id="c6e27022-53e6-445a-93ec-fcf0bbb273ba" />
  </Folder>
  <Folder Name="/04/">
    <Project Path="IsMultipleOfAnother/IsMultipleOfAnother.csproj" Id="69012290-6ebd-435b-ac55-f1abab66ae51" />
  </Folder>
  <Folder Name="/05/">
    <Project Path="LeapYear/LeapYear.csproj" Id="d476e10c-1357-4e77-8b4c-4d35a03b34f8" />
  </Folder>
  <Folder Name="/06/">
    <Project Path="Payroll/Payroll.csproj" Id="4a2e53fa-cd25-4b29-8970-e4eab77b3d30" />
  </Folder>
  <Folder Name="/07/">
    <Project Path="Discounts/Discounts.csproj" Id="fa52a21c-ecc1-41b1-8e2e-c740bc6b7cd5" />
  </Folder>
  <Folder Name="/Shared/">
    <Project Path="Shared/Shared.csproj" Id="0d724397-9946-4eac-99ff-b3668c520308" />
  </Folder>
</Solution>
